
Microsoft Visual Studio Solution File, Format Version 12.00
# Visual Studio Version 17
VisualStudioVersion = 17.11.35222.181
MinimumVisualStudioVersion = 10.0.40219.1
Project("{FAE04EC0-301F-11D3-BF4B-00C04F79EFBC}") = "IntegracaoGLPI-DevOps.API", "IntegracaoGLPI-DevOps.API.csproj", "{140770BB-C235-4BF8-A04F-D90E2444FC5E}"
EndProject
Project("{2150E333-8FDC-42A3-9474-1A3956D46DE8}") = "src", "src", "{238BA828-7690-4C07-A1C6-506CB5E0470D}"
EndProject
Project("{FAE04EC0-301F-11D3-BF4B-00C04F79EFBC}") = "IntegracaoGLPI-DEvOps.Service", "..\IntegracaoGLPI-DEvOps.Service\IntegracaoGLPI-DEvOps.Service.csproj", "{D2BAF2DF-FB25-45E6-AF8A-1ED08CA1AA56}"
EndProject
Project("{FAE04EC0-301F-11D3-BF4B-00C04F79EFBC}") = "IntegracaoGLPI-DevOps.Core", "..\IntegracaoGLPI-DevOps.Core\IntegracaoGLPI-DevOps.Core.csproj", "{6F8550E7-A003-4E65-B953-FA5907795136}"
EndProject
Global
	GlobalSection(SolutionConfigurationPlatforms) = preSolution
		Debug|Any CPU = Debug|Any CPU
		Release|Any CPU = Release|Any CPU
	EndGlobalSection
	GlobalSection(ProjectConfigurationPlatforms) = postSolution
		{140770BB-C235-4BF8-A04F-D90E2444FC5E}.Debug|Any CPU.ActiveCfg = Debug|Any CPU
		{140770BB-C235-4BF8-A04F-D90E2444FC5E}.Debug|Any CPU.Build.0 = Debug|Any CPU
		{140770BB-C235-4BF8-A04F-D90E2444FC5E}.Release|Any CPU.ActiveCfg = Release|Any CPU
		{140770BB-C235-4BF8-A04F-D90E2444FC5E}.Release|Any CPU.Build.0 = Release|Any CPU
		{D2BAF2DF-FB25-45E6-AF8A-1ED08CA1AA56}.Debug|Any CPU.ActiveCfg = Debug|Any CPU
		{D2BAF2DF-FB25-45E6-AF8A-1ED08CA1AA56}.Debug|Any CPU.Build.0 = Debug|Any CPU
		{D2BAF2DF-FB25-45E6-AF8A-1ED08CA1AA56}.Release|Any CPU.ActiveCfg = Release|Any CPU
		{D2BAF2DF-FB25-45E6-AF8A-1ED08CA1AA56}.Release|Any CPU.Build.0 = Release|Any CPU
		{6F8550E7-A003-4E65-B953-FA5907795136}.Debug|Any CPU.ActiveCfg = Debug|Any CPU
		{6F8550E7-A003-4E65-B953-FA5907795136}.Debug|Any CPU.Build.0 = Debug|Any CPU
		{6F8550E7-A003-4E65-B953-FA5907795136}.Release|Any CPU.ActiveCfg = Release|Any CPU
		{6F8550E7-A003-4E65-B953-FA5907795136}.Release|Any CPU.Build.0 = Release|Any CPU
	EndGlobalSection
	GlobalSection(SolutionProperties) = preSolution
		HideSolutionNode = FALSE
	EndGlobalSection
	GlobalSection(NestedProjects) = preSolution
		{140770BB-C235-4BF8-A04F-D90E2444FC5E} = {238BA828-7690-4C07-A1C6-506CB5E0470D}
		{D2BAF2DF-FB25-45E6-AF8A-1ED08CA1AA56} = {238BA828-7690-4C07-A1C6-506CB5E0470D}
		{6F8550E7-A003-4E65-B953-FA5907795136} = {238BA828-7690-4C07-A1C6-506CB5E0470D}
	EndGlobalSection
	GlobalSection(ExtensibilityGlobals) = postSolution
		SolutionGuid = {74D4BA93-53F8-4FC7-9050-9878EA82FED1}
	EndGlobalSection
EndGlobal
