
Microsoft Visual Studio Solution File, Format Version 12.00
# Visual Studio Version 17
VisualStudioVersion = 17.11.35222.181
MinimumVisualStudioVersion = 10.0.40219.1
Project("{2150E333-8FDC-42A3-9474-1A3956D46DE8}") = "src", "src", "{238BA828-7690-4C07-A1C6-506CB5E0470D}"
EndProject
Project("{9A19103F-16F7-4668-BE54-9A1E7A4F7556}") = "Integracao.API", "src\Integracao.API\Integracao.API.csproj", "{2471FF2A-921C-4DDE-AFE6-2AD4A74FB243}"
EndProject
Project("{9A19103F-16F7-4668-BE54-9A1E7A4F7556}") = "Integracao.Core", "src\Integracao.Core\Integracao.Core.csproj", "{3EA746DF-14AA-4CB5-A56D-6D7FFDB576C8}"
EndProject
Project("{9A19103F-16F7-4668-BE54-9A1E7A4F7556}") = "Integracao.Service", "src\Integracao.Service\Integracao.Service.csproj", "{409D2CEA-7D30-4E6D-A825-269EF04F1062}"
EndProject
Project("{9A19103F-16F7-4668-BE54-9A1E7A4F7556}") = "Integracao.Infra", "src\Integracao.Infra\Integracao.Infra.csproj", "{1CB181A4-142C-4F88-B73D-2667C1804803}"
EndProject
Project("{FAE04EC0-301F-11D3-BF4B-00C04F79EFBC}") = "Integracao.Domain", "Integracao.Domain\Integracao.Domain.csproj", "{DCF94B72-E481-497F-95DD-B317C6A91D24}"
EndProject
Project("{FAE04EC0-301F-11D3-BF4B-00C04F79EFBC}") = "Integracao.Infra", "Integracao.Infra\Integracao.Infra.csproj", "{BA139CE4-7962-4414-83EE-267437B706FC}"
EndProject
Project("{FAE04EC0-301F-11D3-BF4B-00C04F79EFBC}") = "Integracao.Application", "Integracao.Application\Integracao.Application.csproj", "{7F366055-CFFA-4095-9FB0-514251B17922}"
EndProject
Project("{2150E333-8FDC-42A3-9474-1A3956D46DE8}") = "core", "core", "{29444B3E-F74F-4C42-8B89-830F726BB0BD}"
EndProject
Project("{2150E333-8FDC-42A3-9474-1A3956D46DE8}") = "infraestructure", "infraestructure", "{9D836930-B117-41D2-A86B-0BF39C7F509D}"
EndProject
Project("{2150E333-8FDC-42A3-9474-1A3956D46DE8}") = "presentation", "presentation", "{4E28D57B-9D6A-478F-9425-76B875D630B4}"
EndProject
Project("{FAE04EC0-301F-11D3-BF4B-00C04F79EFBC}") = "Integracao.WebApi", "Integracao.WebApi\Integracao.WebApi.csproj", "{6BF142B5-FC3A-4040-87A0-5EB42B05136A}"
EndProject
Project("{FAE04EC0-301F-11D3-BF4B-00C04F79EFBC}") = "Integracao.WebApi.Endpoints", "Integracao.WebApi.Endpoints\Integracao.WebApi.Endpoints.csproj", "{95D6D8D9-9459-41F0-95ED-7F8B9BCB085A}"
EndProject
Global
	GlobalSection(SolutionConfigurationPlatforms) = preSolution
		Debug|Any CPU = Debug|Any CPU
		Release|Any CPU = Release|Any CPU
	EndGlobalSection
	GlobalSection(ProjectConfigurationPlatforms) = postSolution
		{2471FF2A-921C-4DDE-AFE6-2AD4A74FB243}.Debug|Any CPU.ActiveCfg = Debug|Any CPU
		{2471FF2A-921C-4DDE-AFE6-2AD4A74FB243}.Debug|Any CPU.Build.0 = Debug|Any CPU
		{2471FF2A-921C-4DDE-AFE6-2AD4A74FB243}.Release|Any CPU.ActiveCfg = Release|Any CPU
		{2471FF2A-921C-4DDE-AFE6-2AD4A74FB243}.Release|Any CPU.Build.0 = Release|Any CPU
		{3EA746DF-14AA-4CB5-A56D-6D7FFDB576C8}.Debug|Any CPU.ActiveCfg = Debug|Any CPU
		{3EA746DF-14AA-4CB5-A56D-6D7FFDB576C8}.Debug|Any CPU.Build.0 = Debug|Any CPU
		{3EA746DF-14AA-4CB5-A56D-6D7FFDB576C8}.Release|Any CPU.ActiveCfg = Release|Any CPU
		{3EA746DF-14AA-4CB5-A56D-6D7FFDB576C8}.Release|Any CPU.Build.0 = Release|Any CPU
		{409D2CEA-7D30-4E6D-A825-269EF04F1062}.Debug|Any CPU.ActiveCfg = Debug|Any CPU
		{409D2CEA-7D30-4E6D-A825-269EF04F1062}.Debug|Any CPU.Build.0 = Debug|Any CPU
		{409D2CEA-7D30-4E6D-A825-269EF04F1062}.Release|Any CPU.ActiveCfg = Release|Any CPU
		{409D2CEA-7D30-4E6D-A825-269EF04F1062}.Release|Any CPU.Build.0 = Release|Any CPU
		{1CB181A4-142C-4F88-B73D-2667C1804803}.Debug|Any CPU.ActiveCfg = Debug|Any CPU
		{1CB181A4-142C-4F88-B73D-2667C1804803}.Debug|Any CPU.Build.0 = Debug|Any CPU
		{1CB181A4-142C-4F88-B73D-2667C1804803}.Release|Any CPU.ActiveCfg = Release|Any CPU
		{1CB181A4-142C-4F88-B73D-2667C1804803}.Release|Any CPU.Build.0 = Release|Any CPU
		{DCF94B72-E481-497F-95DD-B317C6A91D24}.Debug|Any CPU.ActiveCfg = Debug|Any CPU
		{DCF94B72-E481-497F-95DD-B317C6A91D24}.Debug|Any CPU.Build.0 = Debug|Any CPU
		{DCF94B72-E481-497F-95DD-B317C6A91D24}.Release|Any CPU.ActiveCfg = Release|Any CPU
		{DCF94B72-E481-497F-95DD-B317C6A91D24}.Release|Any CPU.Build.0 = Release|Any CPU
		{BA139CE4-7962-4414-83EE-267437B706FC}.Debug|Any CPU.ActiveCfg = Debug|Any CPU
		{BA139CE4-7962-4414-83EE-267437B706FC}.Debug|Any CPU.Build.0 = Debug|Any CPU
		{BA139CE4-7962-4414-83EE-267437B706FC}.Release|Any CPU.ActiveCfg = Release|Any CPU
		{BA139CE4-7962-4414-83EE-267437B706FC}.Release|Any CPU.Build.0 = Release|Any CPU
		{7F366055-CFFA-4095-9FB0-514251B17922}.Debug|Any CPU.ActiveCfg = Debug|Any CPU
		{7F366055-CFFA-4095-9FB0-514251B17922}.Debug|Any CPU.Build.0 = Debug|Any CPU
		{7F366055-CFFA-4095-9FB0-514251B17922}.Release|Any CPU.ActiveCfg = Release|Any CPU
		{7F366055-CFFA-4095-9FB0-514251B17922}.Release|Any CPU.Build.0 = Release|Any CPU
		{6BF142B5-FC3A-4040-87A0-5EB42B05136A}.Debug|Any CPU.ActiveCfg = Debug|Any CPU
		{6BF142B5-FC3A-4040-87A0-5EB42B05136A}.Debug|Any CPU.Build.0 = Debug|Any CPU
		{6BF142B5-FC3A-4040-87A0-5EB42B05136A}.Release|Any CPU.ActiveCfg = Release|Any CPU
		{6BF142B5-FC3A-4040-87A0-5EB42B05136A}.Release|Any CPU.Build.0 = Release|Any CPU
		{95D6D8D9-9459-41F0-95ED-7F8B9BCB085A}.Debug|Any CPU.ActiveCfg = Debug|Any CPU
		{95D6D8D9-9459-41F0-95ED-7F8B9BCB085A}.Debug|Any CPU.Build.0 = Debug|Any CPU
		{95D6D8D9-9459-41F0-95ED-7F8B9BCB085A}.Release|Any CPU.ActiveCfg = Release|Any CPU
		{95D6D8D9-9459-41F0-95ED-7F8B9BCB085A}.Release|Any CPU.Build.0 = Release|Any CPU
	EndGlobalSection
	GlobalSection(SolutionProperties) = preSolution
		HideSolutionNode = FALSE
	EndGlobalSection
	GlobalSection(NestedProjects) = preSolution
		{2471FF2A-921C-4DDE-AFE6-2AD4A74FB243} = {238BA828-7690-4C07-A1C6-506CB5E0470D}
		{3EA746DF-14AA-4CB5-A56D-6D7FFDB576C8} = {238BA828-7690-4C07-A1C6-506CB5E0470D}
		{409D2CEA-7D30-4E6D-A825-269EF04F1062} = {238BA828-7690-4C07-A1C6-506CB5E0470D}
		{1CB181A4-142C-4F88-B73D-2667C1804803} = {238BA828-7690-4C07-A1C6-506CB5E0470D}
		{DCF94B72-E481-497F-95DD-B317C6A91D24} = {29444B3E-F74F-4C42-8B89-830F726BB0BD}
		{BA139CE4-7962-4414-83EE-267437B706FC} = {9D836930-B117-41D2-A86B-0BF39C7F509D}
		{7F366055-CFFA-4095-9FB0-514251B17922} = {29444B3E-F74F-4C42-8B89-830F726BB0BD}
		{6BF142B5-FC3A-4040-87A0-5EB42B05136A} = {4E28D57B-9D6A-478F-9425-76B875D630B4}
		{95D6D8D9-9459-41F0-95ED-7F8B9BCB085A} = {4E28D57B-9D6A-478F-9425-76B875D630B4}
	EndGlobalSection
	GlobalSection(ExtensibilityGlobals) = postSolution
		SolutionGuid = {74D4BA93-53F8-4FC7-9050-9878EA82FED1}
	EndGlobalSection
EndGlobal
